
Microsoft Visual Studio Solution File, Format Version 12.00
# Visual Studio Version 16
VisualStudioVersion = 16.0.32126.315
MinimumVisualStudioVersion = 10.0.40219.1
Project("{FAE04EC0-301F-11D3-BF4B-00C04F79EFBC}") = "WebAPIDemoForArticle", "WebAPIDemoForArticle\WebAPIDemoForArticle.csproj", "{1E413A35-81D4-45B9-A83E-2E51CD210729}"
EndProject
Global
	GlobalSection(SolutionConfigurationPlatforms) = preSolution
		Debug|Any CPU = Debug|Any CPU
		Release|Any CPU = Release|Any CPU
	EndGlobalSection
	GlobalSection(ProjectConfigurationPlatforms) = postSolution
		{1E413A35-81D4-45B9-A83E-2E51CD210729}.Debug|Any CPU.ActiveCfg = Debug|Any CPU
		{1E413A35-81D4-45B9-A83E-2E51CD210729}.Debug|Any CPU.Build.0 = Debug|Any CPU
		{1E413A35-81D4-45B9-A83E-2E51CD210729}.Release|Any CPU.ActiveCfg = Release|Any CPU
		{1E413A35-81D4-45B9-A83E-2E51CD210729}.Release|Any CPU.Build.0 = Release|Any CPU
	EndGlobalSection
	GlobalSection(SolutionProperties) = preSolution
		HideSolutionNode = FALSE
	EndGlobalSection
	GlobalSection(ExtensibilityGlobals) = postSolution
		SolutionGuid = {1071DCBB-F3BB-4182-8236-12A494AB47C3}
	EndGlobalSection
EndGlobal
